<?xml version="1.0" encoding="utf-8"?>
<Project ToolsVersion="4.0" xmlns="http://schemas.microsoft.com/developer/msbuild/2003">
  <ItemGroup>
    <ClInclude Include="define.h" />
    <ClInclude Include="backup\rankup\question_d007.hpp">
      <Filter>backup\rankup</Filter>
    </ClInclude>
    <ClInclude Include="backup\rankup\question_d089.hpp">
      <Filter>backup\rankup</Filter>
    </ClInclude>
    <ClInclude Include="backup\sample\question_d000.hpp">
      <Filter>backup\sample</Filter>
    </ClInclude>
    <ClInclude Include="backup\sample\question_d001.hpp">
      <Filter>backup\sample</Filter>
    </ClInclude>
    <ClInclude Include="backup\sample\question_d002.hpp">
      <Filter>backup\sample</Filter>
    </ClInclude>
  </ItemGroup>
  <ItemGroup>
    <ClCompile Include="paiza_recruit.cpp" />
    <ClCompile Include="backup.cpp" />
  </ItemGroup>
  <ItemGroup>
    <Filter Include="backup">
      <UniqueIdentifier>{d8db208a-248b-48a5-9350-f52dabf51d92}</UniqueIdentifier>
    </Filter>
    <Filter Include="backup\rankup">
      <UniqueIdentifier>{63d459a0-1493-4469-9c4f-4582e490fdb8}</UniqueIdentifier>
    </Filter>
    <Filter Include="backup\sample">
      <UniqueIdentifier>{3f8f71d5-12a9-4565-b4fe-a1c47c83907e}</UniqueIdentifier>
    </Filter>
  </ItemGroup>
</Project>